Microsoft Visual Studio Solution File, Format Version 12.00
# Visual Studio Version 17
VisualStudioVersion = 17.5.2.0
MinimumVisualStudioVersion = 10.0.40219.1
Project("{2150E333-8FDC-42A3-9474-1A3956D46DE8}") = "src", "src", "{827E0CD3-B72D-47B6-A68D-7590B98EB39B}"
EndProject
Project("{FAE04EC0-301F-11D3-BF4B-00C04F79EFBC}") = "LM.App.Wpf", "src\LM.App.Wpf\LM.App.Wpf.csproj", "{C91F3EE6-3421-1D28-11AD-7AF04D209F21}"
EndProject
Project("{FAE04EC0-301F-11D3-BF4B-00C04F79EFBC}") = "LM.Core", "src\LM.Core\LM.Core.csproj", "{8179F4C9-A516-0169-B37F-D542F59FAE2C}"
EndProject
Project("{FAE04EC0-301F-11D3-BF4B-00C04F79EFBC}") = "LM.Infrastructure", "src\LM.Infrastructure\LM.Infrastructure.csproj", "{AA8B9A9C-3E1E-C0C8-3B09-DB2FBAB8E4DD}"
EndProject
Project("{FAE04EC0-301F-11D3-BF4B-00C04F79EFBC}") = "LM.Review.Core", "src\LM.Review.Core\LM.Review.Core.csproj", "{4BC1A869-F9C9-E9E0-3584-DF585340AF60}"
EndProject
Project("{FAE04EC0-301F-11D3-BF4B-00C04F79EFBC}") = "LM.HubSpoke", "src\LM.HubAndSpoke\LM.HubSpoke.csproj", "{1BE33327-0642-D259-009C-850545E50EBB}"
EndProject
Project("{FAE04EC0-301F-11D3-BF4B-00C04F79EFBC}") = "LM.HubSpoke.Tests", "src\LM.HubSpoke.Tests\LM.HubSpoke.Tests.csproj", "{969C71E8-6834-46C5-9A03-EE57CFEAB937}"
EndProject
Project("{FAE04EC0-301F-11D3-BF4B-00C04F79EFBC}") = "LM.Infrastructure.Tests", "src\LM.Infrastructure.Tests\LM.Infrastructure.Tests.csproj", "{128B9414-D4AF-4A8F-90D2-5EF925F5B065}"
EndProject
Project("{FAE04EC0-301F-11D3-BF4B-00C04F79EFBC}") = "LM.App.Wpf.Tests", "src\LM.App.Wpf.Tests\LM.App.Wpf.Tests.csproj", "{FA348395-AEF6-44EE-97EA-B14FCCD43602}"
EndProject
Global
	GlobalSection(SolutionConfigurationPlatforms) = preSolution
		Debug|Any CPU = Debug|Any CPU
		Release|Any CPU = Release|Any CPU
	EndGlobalSection
	GlobalSection(ProjectConfigurationPlatforms) = postSolution
		{C91F3EE6-3421-1D28-11AD-7AF04D209F21}.Debug|Any CPU.ActiveCfg = Debug|Any CPU
		{C91F3EE6-3421-1D28-11AD-7AF04D209F21}.Debug|Any CPU.Build.0 = Debug|Any CPU
		{C91F3EE6-3421-1D28-11AD-7AF04D209F21}.Release|Any CPU.ActiveCfg = Release|Any CPU
		{C91F3EE6-3421-1D28-11AD-7AF04D209F21}.Release|Any CPU.Build.0 = Release|Any CPU
		{8179F4C9-A516-0169-B37F-D542F59FAE2C}.Debug|Any CPU.ActiveCfg = Debug|Any CPU
		{8179F4C9-A516-0169-B37F-D542F59FAE2C}.Debug|Any CPU.Build.0 = Debug|Any CPU
		{8179F4C9-A516-0169-B37F-D542F59FAE2C}.Release|Any CPU.ActiveCfg = Release|Any CPU
		{8179F4C9-A516-0169-B37F-D542F59FAE2C}.Release|Any CPU.Build.0 = Release|Any CPU
		{AA8B9A9C-3E1E-C0C8-3B09-DB2FBAB8E4DD}.Debug|Any CPU.ActiveCfg = Debug|Any CPU
		{AA8B9A9C-3E1E-C0C8-3B09-DB2FBAB8E4DD}.Debug|Any CPU.Build.0 = Debug|Any CPU
		{AA8B9A9C-3E1E-C0C8-3B09-DB2FBAB8E4DD}.Release|Any CPU.ActiveCfg = Release|Any CPU
		{AA8B9A9C-3E1E-C0C8-3B09-DB2FBAB8E4DD}.Release|Any CPU.Build.0 = Release|Any CPU
		{4BC1A869-F9C9-E9E0-3584-DF585340AF60}.Debug|Any CPU.ActiveCfg = Debug|Any CPU
		{4BC1A869-F9C9-E9E0-3584-DF585340AF60}.Debug|Any CPU.Build.0 = Debug|Any CPU
		{4BC1A869-F9C9-E9E0-3584-DF585340AF60}.Release|Any CPU.ActiveCfg = Release|Any CPU
		{4BC1A869-F9C9-E9E0-3584-DF585340AF60}.Release|Any CPU.Build.0 = Release|Any CPU
		{1BE33327-0642-D259-009C-850545E50EBB}.Debug|Any CPU.ActiveCfg = Debug|Any CPU
		{1BE33327-0642-D259-009C-850545E50EBB}.Debug|Any CPU.Build.0 = Debug|Any CPU
		{1BE33327-0642-D259-009C-850545E50EBB}.Release|Any CPU.ActiveCfg = Release|Any CPU
		{1BE33327-0642-D259-009C-850545E50EBB}.Release|Any CPU.Build.0 = Release|Any CPU
		{969C71E8-6834-46C5-9A03-EE57CFEAB937}.Debug|Any CPU.ActiveCfg = Debug|Any CPU
		{969C71E8-6834-46C5-9A03-EE57CFEAB937}.Debug|Any CPU.Build.0 = Debug|Any CPU
		{969C71E8-6834-46C5-9A03-EE57CFEAB937}.Release|Any CPU.ActiveCfg = Release|Any CPU
		{969C71E8-6834-46C5-9A03-EE57CFEAB937}.Release|Any CPU.Build.0 = Release|Any CPU
		{128B9414-D4AF-4A8F-90D2-5EF925F5B065}.Debug|Any CPU.ActiveCfg = Debug|Any CPU
		{128B9414-D4AF-4A8F-90D2-5EF925F5B065}.Debug|Any CPU.Build.0 = Debug|Any CPU
		{128B9414-D4AF-4A8F-90D2-5EF925F5B065}.Release|Any CPU.ActiveCfg = Release|Any CPU
		{128B9414-D4AF-4A8F-90D2-5EF925F5B065}.Release|Any CPU.Build.0 = Release|Any CPU
		{FA348395-AEF6-44EE-97EA-B14FCCD43602}.Debug|Any CPU.ActiveCfg = Debug|Any CPU
		{FA348395-AEF6-44EE-97EA-B14FCCD43602}.Debug|Any CPU.Build.0 = Debug|Any CPU
		{FA348395-AEF6-44EE-97EA-B14FCCD43602}.Release|Any CPU.ActiveCfg = Release|Any CPU
		{FA348395-AEF6-44EE-97EA-B14FCCD43602}.Release|Any CPU.Build.0 = Release|Any CPU
	EndGlobalSection
	GlobalSection(SolutionProperties) = preSolution
		HideSolutionNode = FALSE
	EndGlobalSection
	GlobalSection(NestedProjects) = preSolution
		{C91F3EE6-3421-1D28-11AD-7AF04D209F21} = {827E0CD3-B72D-47B6-A68D-7590B98EB39B}
		{8179F4C9-A516-0169-B37F-D542F59FAE2C} = {827E0CD3-B72D-47B6-A68D-7590B98EB39B}
		{AA8B9A9C-3E1E-C0C8-3B09-DB2FBAB8E4DD} = {827E0CD3-B72D-47B6-A68D-7590B98EB39B}
		{4BC1A869-F9C9-E9E0-3584-DF585340AF60} = {827E0CD3-B72D-47B6-A68D-7590B98EB39B}
		{1BE33327-0642-D259-009C-850545E50EBB} = {827E0CD3-B72D-47B6-A68D-7590B98EB39B}
		{969C71E8-6834-46C5-9A03-EE57CFEAB937} = {827E0CD3-B72D-47B6-A68D-7590B98EB39B}
		{128B9414-D4AF-4A8F-90D2-5EF925F5B065} = {827E0CD3-B72D-47B6-A68D-7590B98EB39B}
		{FA348395-AEF6-44EE-97EA-B14FCCD43602} = {827E0CD3-B72D-47B6-A68D-7590B98EB39B}
	EndGlobalSection
	GlobalSection(ExtensibilityGlobals) = postSolution
		SolutionGuid = {0E9AA098-1514-431C-82EB-FEB94450D06F}
	EndGlobalSection
EndGlobal
